{
  "object": {
    "pins": [
      {
        "package": "swift-nio",
        "repositoryURL": "https://github.com/apple/swift-nio.git",
        "state": {
          "branch": "master",
          "revision": "b8368b6e09b7993896c42a6199103a73ecc1dbf9",
          "version": null
        }
      },
      {
        "package": "swift-nio-ssl",
        "repositoryURL": "https://github.com/apple/swift-nio-ssl.git",
        "state": {
          "branch": "master",
          "revision": "a41d0643866c5128ef0d5b2f14368db820312380",
          "version": null
        }
      }
    ]
  },
  "version": 1
}
